
Microsoft Visual Studio Solution File, Format Version 12.00
# Visual Studio Version 17
VisualStudioVersion = 17.9.34728.123
MinimumVisualStudioVersion = 10.0.40219.1
Project("{FAE04EC0-301F-11D3-BF4B-00C04F79EFBC}") = "ptpnProject", "ptpnProject\ptpnProject.csproj", "{3A4A943C-B38A-4620-A722-DA5F0AFAAC1A}"
EndProject
Global
	GlobalSection(SolutionConfigurationPlatforms) = preSolution
		Debug|Any CPU = Debug|Any CPU
		Release|Any CPU = Release|Any CPU
	EndGlobalSection
	GlobalSection(ProjectConfigurationPlatforms) = postSolution
		{3A4A943C-B38A-4620-A722-DA5F0AFAAC1A}.Debug|Any CPU.ActiveCfg = Debug|Any CPU
		{3A4A943C-B38A-4620-A722-DA5F0AFAAC1A}.Debug|Any CPU.Build.0 = Debug|Any CPU
		{3A4A943C-B38A-4620-A722-DA5F0AFAAC1A}.Release|Any CPU.ActiveCfg = Release|Any CPU
		{3A4A943C-B38A-4620-A722-DA5F0AFAAC1A}.Release|Any CPU.Build.0 = Release|Any CPU
	EndGlobalSection
	GlobalSection(SolutionProperties) = preSolution
		HideSolutionNode = FALSE
	EndGlobalSection
	GlobalSection(ExtensibilityGlobals) = postSolution
		SolutionGuid = {6955D323-64FE-4A0F-A0FC-53DA163DD671}
	EndGlobalSection
EndGlobal
